<?xml version="1.0" encoding="utf-8"?>
<Project ToolsVersion="4.0" xmlns="http://schemas.microsoft.com/developer/msbuild/2003">
  <ItemGroup>
    <ClCompile Include="src\main.cpp">
      <Filter>source files</Filter>
    </ClCompile>
    <ClCompile Include="src\mnn_rvm.cpp">
      <Filter>source files</Filter>
    </ClCompile>
    <ClCompile Include="src\mnn_utils.cpp">
      <Filter>source files</Filter>
    </ClCompile>
  </ItemGroup>
  <ItemGroup>
    <ClInclude Include="include\inference_backend.h">
      <Filter>head files</Filter>
    </ClInclude>
    <ClInclude Include="include\mnn_utils.h">
      <Filter>head files</Filter>
    </ClInclude>
    <ClInclude Include="include\pre_process.h">
      <Filter>head files</Filter>
    </ClInclude>
    <ClInclude Include="include\mnn_rvm.h">
      <Filter>head files</Filter>
    </ClInclude>
  </ItemGroup>
  <ItemGroup>
    <Filter Include="source files">
      <UniqueIdentifier>{ffec63db-72b6-4a3a-9e87-786860403146}</UniqueIdentifier>
    </Filter>
    <Filter Include="head files">
      <UniqueIdentifier>{5855a53d-f984-4d8d-899c-a6ffca2f1866}</UniqueIdentifier>
    </Filter>
  </ItemGroup>
</Project>